
Microsoft Visual Studio Solution File, Format Version 12.00
# Visual Studio Version 16
VisualStudioVersion = 16.0.31321.278
MinimumVisualStudioVersion = 10.0.40219.1
Project("{FAE04EC0-301F-11D3-BF4B-00C04F79EFBC}") = "Qsa Wpf", "Qsa Wpf\Qsa Wpf.csproj", "{A41A793D-C789-4DDD-A656-B22654F970F3}"
EndProject
Project("{54435603-DBB4-11D2-8724-00A0C9A8B90C}") = "Qsa Setup", "Qsa Setup\Qsa Setup.vdproj", "{CFBD1DDB-6939-4717-ADF6-931989ACD365}"
EndProject
Global
	GlobalSection(SolutionConfigurationPlatforms) = preSolution
		Debug|Any CPU = Debug|Any CPU
		Release|Any CPU = Release|Any CPU
	EndGlobalSection
	GlobalSection(ProjectConfigurationPlatforms) = postSolution
		{A41A793D-C789-4DDD-A656-B22654F970F3}.Debug|Any CPU.ActiveCfg = Debug|Any CPU
		{A41A793D-C789-4DDD-A656-B22654F970F3}.Debug|Any CPU.Build.0 = Debug|Any CPU
		{A41A793D-C789-4DDD-A656-B22654F970F3}.Release|Any CPU.ActiveCfg = Release|Any CPU
		{A41A793D-C789-4DDD-A656-B22654F970F3}.Release|Any CPU.Build.0 = Release|Any CPU
		{CFBD1DDB-6939-4717-ADF6-931989ACD365}.Debug|Any CPU.ActiveCfg = Debug
		{CFBD1DDB-6939-4717-ADF6-931989ACD365}.Release|Any CPU.ActiveCfg = Release
	EndGlobalSection
	GlobalSection(SolutionProperties) = preSolution
		HideSolutionNode = FALSE
	EndGlobalSection
	GlobalSection(ExtensibilityGlobals) = postSolution
		SolutionGuid = {3451481C-F136-4A41-ADC5-3F1798B2398E}
	EndGlobalSection
EndGlobal
